// !$*UTF8*$!
{
	archiveVersion = 1;
	classes = {
	};
	objectVersion = 55;
	objects = {

/* Begin PBXBuildFile section */
		5FCF12588F0D0DFDFB841033 /* Pods_NewsRx.framework in Frameworks */ = {isa = PBXBuildFile; fileRef = 3813F517A6F5163A341E543A /* Pods_NewsRx.framework */; };
		BE1E20FA278CB67500C7136A /* AppDelegate.swift in Sources */ = {isa = PBXBuildFile; fileRef = BE1E20F9278CB67500C7136A /* AppDelegate.swift */; };
		BE1E20FC278CB67500C7136A /* SceneDelegate.swift in Sources */ = {isa = PBXBuildFile; fileRef = BE1E20FB278CB67500C7136A /* SceneDelegate.swift */; };
		BE1E20FE278CB67500C7136A /* NewsListViewController.swift in Sources */ = {isa = PBXBuildFile; fileRef = BE1E20FD278CB67500C7136A /* NewsListViewController.swift */; };
		BE1E2103278CB67F00C7136A /* Assets.xcassets in Resources */ = {isa = PBXBuildFile; fileRef = BE1E2102278CB67F00C7136A /* Assets.xcassets */; };
		BE1E2106278CB67F00C7136A /* LaunchScreen.storyboard in Resources */ = {isa = PBXBuildFile; fileRef = BE1E2104278CB67F00C7136A /* LaunchScreen.storyboard */; };
		BE36BCE2278CE02A00B99E2C /* Article.swift in Sources */ = {isa = PBXBuildFile; fileRef = BE36BCE1278CE02A00B99E2C /* Article.swift */; };
		BE36BCE4278CE20400B99E2C /* ArticleTableViewCell.swift in Sources */ = {isa = PBXBuildFile; fileRef = BE36BCE3278CE20400B99E2C /* ArticleTableViewCell.swift */; };
		BE36BCE92799F58800B99E2C /* ArticleViewModel.swift in Sources */ = {isa = PBXBuildFile; fileRef = BE36BCE82799F58800B99E2C /* ArticleViewModel.swift */; };
		BE6C98C3279B695A00C2EE2E /* ContentViewController.swift in Sources */ = {isa = PBXBuildFile; fileRef = BE6C98C2279B695A00C2EE2E /* ContentViewController.swift */; };
		DDCFFBAC279A4AD3001A170B /* NewsRxTests.swift in Sources */ = {isa = PBXBuildFile; fileRef = DDCFFBAB279A4AD3001A170B /* NewsRxTests.swift */; };
/* End PBXBuildFile section */

/* Begin PBXContainerItemProxy section */
		DDCFFBAD279A4AD3001A170B /* PBXContainerItemProxy */ = {
			isa = PBXContainerItemProxy;
			containerPortal = BE1E20EE278CB67500C7136A /* Project object */;
			proxyType = 1;
			remoteGlobalIDString = BE1E20F5278CB67500C7136A;
			remoteInfo = NewsRx;
		};
/* End PBXContainerItemProxy section */

/* Begin PBXFileReference section */
		3813F517A6F5163A341E543A /* Pods_NewsRx.framework */ = {isa = PBXFileReference; explicitFileType = wrapper.framework; includeInIndex = 0; path = Pods_NewsRx.framework; sourceTree = BUILT_PRODUCTS_DIR; };
		9B2ECCFFD2B07A7EFCC4A0F8 /* Pods-NewsRx.debug.xcconfig */ = {isa = PBXFileReference; includeInIndex = 1; lastKnownFileType = text.xcconfig; name = "Pods-NewsRx.debug.xcconfig"; path = "Target Support Files/Pods-NewsRx/Pods-NewsRx.debug.xcconfig"; sourceTree = "<group>"; };
		BE1E20F6278CB67500C7136A /* NewsRx.app */ = {isa = PBXFileReference; explicitFileType = wrapper.application; includeInIndex = 0; path = NewsRx.app; sourceTree = BUILT_PRODUCTS_DIR; };
		BE1E20F9278CB67500C7136A /* AppDelegate.swift */ = {isa = PBXFileReference; lastKnownFileType = sourcecode.swift; path = AppDelegate.swift; sourceTree = "<group>"; };
		BE1E20FB278CB67500C7136A /* SceneDelegate.swift */ = {isa = PBXFileReference; lastKnownFileType = sourcecode.swift; path = SceneDelegate.swift; sourceTree = "<group>"; };
		BE1E20FD278CB67500C7136A /* NewsListViewController.swift */ = {isa = PBXFileReference; lastKnownFileType = sourcecode.swift; path = NewsListViewController.swift; sourceTree = "<group>"; };
		BE1E2102278CB67F00C7136A /* Assets.xcassets */ = {isa = PBXFileReference; lastKnownFileType = folder.assetcatalog; path = Assets.xcassets; sourceTree = "<group>"; };
		BE1E2105278CB67F00C7136A /* Base */ = {isa = PBXFileReference; lastKnownFileType = file.storyboard; name = Base; path = Base.lproj/LaunchScreen.storyboard; sourceTree = "<group>"; };
		BE1E2107278CB67F00C7136A /* Info.plist */ = {isa = PBXFileReference; lastKnownFileType = text.plist.xml; path = Info.plist; sourceTree = "<group>"; };
		BE36BCE1278CE02A00B99E2C /* Article.swift */ = {isa = PBXFileReference; lastKnownFileType = sourcecode.swift; path = Article.swift; sourceTree = "<group>"; };
		BE36BCE3278CE20400B99E2C /* ArticleTableViewCell.swift */ = {isa = PBXFileReference; lastKnownFileType = sourcecode.swift; path = ArticleTableViewCell.swift; sourceTree = "<group>"; };
		BE36BCE82799F58800B99E2C /* ArticleViewModel.swift */ = {isa = PBXFileReference; lastKnownFileType = sourcecode.swift; path = ArticleViewModel.swift; sourceTree = "<group>"; };
		BE6C98C2279B695A00C2EE2E /* ContentViewController.swift */ = {isa = PBXFileReference; lastKnownFileType = sourcecode.swift; path = ContentViewController.swift; sourceTree = "<group>"; };
		DDCFFBA9279A4AD3001A170B /* NewsRxTests.xctest */ = {isa = PBXFileReference; explicitFileType = wrapper.cfbundle; includeInIndex = 0; path = NewsRxTests.xctest; sourceTree = BUILT_PRODUCTS_DIR; };
		DDCFFBAB279A4AD3001A170B /* NewsRxTests.swift */ = {isa = PBXFileReference; lastKnownFileType = sourcecode.swift; path = NewsRxTests.swift; sourceTree = "<group>"; };
		FF194CBF2D1FE626B755E104 /* Pods-NewsRx.release.xcconfig */ = {isa = PBXFileReference; includeInIndex = 1; lastKnownFileType = text.xcconfig; name = "Pods-NewsRx.release.xcconfig"; path = "Target Support Files/Pods-NewsRx/Pods-NewsRx.release.xcconfig"; sourceTree = "<group>"; };
/* End PBXFileReference section */

/* Begin PBXFrameworksBuildPhase section */
		BE1E20F3278CB67500C7136A /* Frameworks */ = {
			isa = PBXFrameworksBuildPhase;
			buildActionMask = 2147483647;
			files = (
				5FCF12588F0D0DFDFB841033 /* Pods_NewsRx.framework in Frameworks */,
			);
			runOnlyForDeploymentPostprocessing = 0;
		};
		DDCFFBA6279A4AD3001A170B /* Frameworks */ = {
			isa = PBXFrameworksBuildPhase;
			buildActionMask = 2147483647;
			files = (
			);
			runOnlyForDeploymentPostprocessing = 0;
		};
/* End PBXFrameworksBuildPhase section */

/* Begin PBXGroup section */
		BA5CFAE6CCEF456B6C78AF11 /* Pods */ = {
			isa = PBXGroup;
			children = (
				9B2ECCFFD2B07A7EFCC4A0F8 /* Pods-NewsRx.debug.xcconfig */,
				FF194CBF2D1FE626B755E104 /* Pods-NewsRx.release.xcconfig */,
			);
			path = Pods;
			sourceTree = "<group>";
		};
		BE1E20ED278CB67500C7136A = {
			isa = PBXGroup;
			children = (
				BE1E20F8278CB67500C7136A /* NewsRx */,
				DDCFFBAA279A4AD3001A170B /* NewsRxTests */,
				BE1E20F7278CB67500C7136A /* Products */,
				BA5CFAE6CCEF456B6C78AF11 /* Pods */,
				C1973CE32660E5DBA3B6E870 /* Frameworks */,
			);
			sourceTree = "<group>";
		};
		BE1E20F7278CB67500C7136A /* Products */ = {
			isa = PBXGroup;
			children = (
				BE1E20F6278CB67500C7136A /* NewsRx.app */,
				DDCFFBA9279A4AD3001A170B /* NewsRxTests.xctest */,
			);
			name = Products;
			sourceTree = "<group>";
		};
		BE1E20F8278CB67500C7136A /* NewsRx */ = {
			isa = PBXGroup;
			children = (
				BE1E20F9278CB67500C7136A /* AppDelegate.swift */,
				BE1E20FB278CB67500C7136A /* SceneDelegate.swift */,
				BE36BCE7278DE24700B99E2C /* ViewModel */,
				BE36BCE0278CDFFF00B99E2C /* Model */,
				BE36BCDF278CDFF200B99E2C /* ViewController */,
				BE1E2102278CB67F00C7136A /* Assets.xcassets */,
				BE1E2104278CB67F00C7136A /* LaunchScreen.storyboard */,
				BE1E2107278CB67F00C7136A /* Info.plist */,
			);
			path = NewsRx;
			sourceTree = "<group>";
		};
		BE36BCDF278CDFF200B99E2C /* ViewController */ = {
			isa = PBXGroup;
			children = (
				BE1E20FD278CB67500C7136A /* NewsListViewController.swift */,
				BE6C98C2279B695A00C2EE2E /* ContentViewController.swift */,
			);
			path = ViewController;
			sourceTree = "<group>";
		};
		BE36BCE0278CDFFF00B99E2C /* Model */ = {
			isa = PBXGroup;
			children = (
				BE36BCE1278CE02A00B99E2C /* Article.swift */,
				BE36BCE3278CE20400B99E2C /* ArticleTableViewCell.swift */,
			);
			path = Model;
			sourceTree = "<group>";
		};
		BE36BCE7278DE24700B99E2C /* ViewModel */ = {
			isa = PBXGroup;
			children = (
				BE36BCE82799F58800B99E2C /* ArticleViewModel.swift */,
			);
			path = ViewModel;
			sourceTree = "<group>";
		};
		C1973CE32660E5DBA3B6E870 /* Frameworks */ = {
			isa = PBXGroup;
			children = (
				3813F517A6F5163A341E543A /* Pods_NewsRx.framework */,
			);
			name = Frameworks;
			sourceTree = "<group>";
		};
		DDCFFBAA279A4AD3001A170B /* NewsRxTests */ = {
			isa = PBXGroup;
			children = (
				DDCFFBAB279A4AD3001A170B /* NewsRxTests.swift */,
			);
			path = NewsRxTests;
			sourceTree = "<group>";
		};
/* End PBXGroup section */

/* Begin PBXNativeTarget section */
		BE1E20F5278CB67500C7136A /* NewsRx */ = {
			isa = PBXNativeTarget;
			buildConfigurationList = BE1E210A278CB67F00C7136A /* Build configuration list for PBXNativeTarget "NewsRx" */;
			buildPhases = (
				691E82B5587C8735CCA9742F /* [CP] Check Pods Manifest.lock */,
				BE1E20F2278CB67500C7136A /* Sources */,
				BE1E20F3278CB67500C7136A /* Frameworks */,
				BE1E20F4278CB67500C7136A /* Resources */,
				20E7B1301DC1099E4BB9DAA7 /* [CP] Embed Pods Frameworks */,
			);
			buildRules = (
			);
			dependencies = (
			);
			name = NewsRx;
			productName = NewsRx;
			productReference = BE1E20F6278CB67500C7136A /* NewsRx.app */;
			productType = "com.apple.product-type.application";
		};
		DDCFFBA8279A4AD3001A170B /* NewsRxTests */ = {
			isa = PBXNativeTarget;
			buildConfigurationList = DDCFFBB1279A4AD3001A170B /* Build configuration list for PBXNativeTarget "NewsRxTests" */;
			buildPhases = (
				DDCFFBA5279A4AD3001A170B /* Sources */,
				DDCFFBA6279A4AD3001A170B /* Frameworks */,
				DDCFFBA7279A4AD3001A170B /* Resources */,
			);
			buildRules = (
			);
			dependencies = (
				DDCFFBAE279A4AD3001A170B /* PBXTargetDependency */,
			);
			name = NewsRxTests;
			productName = NewsRxTests;
			productReference = DDCFFBA9279A4AD3001A170B /* NewsRxTests.xctest */;
			productType = "com.apple.product-type.bundle.unit-test";
		};
/* End PBXNativeTarget section */

/* Begin PBXProject section */
		BE1E20EE278CB67500C7136A /* Project object */ = {
			isa = PBXProject;
			attributes = {
				BuildIndependentTargetsInParallel = 1;
				LastSwiftUpdateCheck = 1320;
				LastUpgradeCheck = 1320;
				TargetAttributes = {
					BE1E20F5278CB67500C7136A = {
						CreatedOnToolsVersion = 13.2.1;
					};
					DDCFFBA8279A4AD3001A170B = {
						CreatedOnToolsVersion = 13.2.1;
						TestTargetID = BE1E20F5278CB67500C7136A;
					};
				};
			};
			buildConfigurationList = BE1E20F1278CB67500C7136A /* Build configuration list for PBXProject "NewsRx" */;
			compatibilityVersion = "Xcode 13.0";
			developmentRegion = en;
			hasScannedForEncodings = 0;
			knownRegions = (
				en,
				Base,
			);
			mainGroup = BE1E20ED278CB67500C7136A;
			productRefGroup = BE1E20F7278CB67500C7136A /* Products */;
			projectDirPath = "";
			projectRoot = "";
			targets = (
				BE1E20F5278CB67500C7136A /* NewsRx */,
				DDCFFBA8279A4AD3001A170B /* NewsRxTests */,
			);
		};
/* End PBXProject section */

/* Begin PBXResourcesBuildPhase section */
		BE1E20F4278CB67500C7136A /* Resources */ = {
			isa = PBXResourcesBuildPhase;
			buildActionMask = 2147483647;
			files = (
				BE1E2106278CB67F00C7136A /* LaunchScreen.storyboard in Resources */,
				BE1E2103278CB67F00C7136A /* Assets.xcassets in Resources */,
			);
			runOnlyForDeploymentPostprocessing = 0;
		};
		DDCFFBA7279A4AD3001A170B /* Resources */ = {
			isa = PBXResourcesBuildPhase;
			buildActionMask = 2147483647;
			files = (
			);
			runOnlyForDeploymentPostprocessing = 0;
		};
/* End PBXResourcesBuildPhase section */

/* Begin PBXShellScriptBuildPhase section */
		20E7B1301DC1099E4BB9DAA7 /* [CP] Embed Pods Frameworks */ = {
			isa = PBXShellScriptBuildPhase;
			buildActionMask = 2147483647;
			files = (
			);
			inputFileListPaths = (
				"${PODS_ROOT}/Target Support Files/Pods-NewsRx/Pods-NewsRx-frameworks-${CONFIGURATION}-input-files.xcfilelist",
			);
			name = "[CP] Embed Pods Frameworks";
			outputFileListPaths = (
				"${PODS_ROOT}/Target Support Files/Pods-NewsRx/Pods-NewsRx-frameworks-${CONFIGURATION}-output-files.xcfilelist",
			);
			runOnlyForDeploymentPostprocessing = 0;
			shellPath = /bin/sh;
			shellScript = "\"${PODS_ROOT}/Target Support Files/Pods-NewsRx/Pods-NewsRx-frameworks.sh\"\n";
			showEnvVarsInLog = 0;
		};
		691E82B5587C8735CCA9742F /* [CP] Check Pods Manifest.lock */ = {
			isa = PBXShellScriptBuildPhase;
			buildActionMask = 2147483647;
			files = (
			);
			inputFileListPaths = (
			);
			inputPaths = (
				"${PODS_PODFILE_DIR_PATH}/Podfile.lock",
				"${PODS_ROOT}/Manifest.lock",
			);
			name = "[CP] Check Pods Manifest.lock";
			outputFileListPaths = (
			);
			outputPaths = (
				"$(DERIVED_FILE_DIR)/Pods-NewsRx-checkManifestLockResult.txt",
			);
			runOnlyForDeploymentPostprocessing = 0;
			shellPath = /bin/sh;
			shellScript = "diff \"${PODS_PODFILE_DIR_PATH}/Podfile.lock\" \"${PODS_ROOT}/Manifest.lock\" > /dev/null\nif [ $? != 0 ] ; then\n    # print error to STDERR\n    echo \"error: The sandbox is not in sync with the Podfile.lock. Run 'pod install' or update your CocoaPods installation.\" >&2\n    exit 1\nfi\n# This output is used by Xcode 'outputs' to avoid re-running this script phase.\necho \"SUCCESS\" > \"${SCRIPT_OUTPUT_FILE_0}\"\n";
			showEnvVarsInLog = 0;
		};
/* End PBXShellScriptBuildPhase section */

/* Begin PBXSourcesBuildPhase section */
		BE1E20F2278CB67500C7136A /* Sources */ = {
			isa = PBXSourcesBuildPhase;
			buildActionMask = 2147483647;
			files = (
				BE36BCE4278CE20400B99E2C /* ArticleTableViewCell.swift in Sources */,
				BE36BCE2278CE02A00B99E2C /* Article.swift in Sources */,
				BE1E20FE278CB67500C7136A /* NewsListViewController.swift in Sources */,
				BE36BCE92799F58800B99E2C /* ArticleViewModel.swift in Sources */,
				BE1E20FA278CB67500C7136A /* AppDelegate.swift in Sources */,
				BE1E20FC278CB67500C7136A /* SceneDelegate.swift in Sources */,
				BE6C98C3279B695A00C2EE2E /* ContentViewController.swift in Sources */,
			);
			runOnlyForDeploymentPostprocessing = 0;
		};
		DDCFFBA5279A4AD3001A170B /* Sources */ = {
			isa = PBXSourcesBuildPhase;
			buildActionMask = 2147483647;
			files = (
				DDCFFBAC279A4AD3001A170B /* NewsRxTests.swift in Sources */,
			);
			runOnlyForDeploymentPostprocessing = 0;
		};
/* End PBXSourcesBuildPhase section */

/* Begin PBXTargetDependency section */
		DDCFFBAE279A4AD3001A170B /* PBXTargetDependency */ = {
			isa = PBXTargetDependency;
			target = BE1E20F5278CB67500C7136A /* NewsRx */;
			targetProxy = DDCFFBAD279A4AD3001A170B /* PBXContainerItemProxy */;
		};
/* End PBXTargetDependency section */

/* Begin PBXVariantGroup section */
		BE1E2104278CB67F00C7136A /* LaunchScreen.storyboard */ = {
			isa = PBXVariantGroup;
			children = (
				BE1E2105278CB67F00C7136A /* Base */,
			);
			name = LaunchScreen.storyboard;
			sourceTree = "<group>";
		};
/* End PBXVariantGroup section */

/* Begin XCBuildConfiguration section */
		BE1E2108278CB67F00C7136A /* Debug */ = {
			isa = XCBuildConfiguration;
			buildSettings = {
				ALWAYS_SEARCH_USER_PATHS = NO;
				CLANG_ANALYZER_NONNULL = YES;
				CLANG_ANALYZER_NUMBER_OBJECT_CONVERSION = YES_AGGRESSIVE;
				CLANG_CXX_LANGUAGE_STANDARD = "gnu++17";
				CLANG_CXX_LIBRARY = "libc++";
				CLANG_ENABLE_MODULES = YES;
				CLANG_ENABLE_OBJC_ARC = YES;
				CLANG_ENABLE_OBJC_WEAK = YES;
				CLANG_WARN_BLOCK_CAPTURE_AUTORELEASING = YES;
				CLANG_WARN_BOOL_CONVERSION = YES;
				CLANG_WARN_COMMA = YES;
				CLANG_WARN_CONSTANT_CONVERSION = YES;
				CLANG_WARN_DEPRECATED_OBJC_IMPLEMENTATIONS = YES;
				CLANG_WARN_DIRECT_OBJC_ISA_USAGE = YES_ERROR;
				CLANG_WARN_DOCUMENTATION_COMMENTS = YES;
				CLANG_WARN_EMPTY_BODY = YES;
				CLANG_WARN_ENUM_CONVERSION = YES;
				CLANG_WARN_INFINITE_RECURSION = YES;
				CLANG_WARN_INT_CONVERSION = YES;
				CLANG_WARN_NON_LITERAL_NULL_CONVERSION = YES;
				CLANG_WARN_OBJC_IMPLICIT_RETAIN_SELF = YES;
				CLANG_WARN_OBJC_LITERAL_CONVERSION = YES;
				CLANG_WARN_OBJC_ROOT_CLASS = YES_ERROR;
				CLANG_WARN_QUOTED_INCLUDE_IN_FRAMEWORK_HEADER = YES;
				CLANG_WARN_RANGE_LOOP_ANALYSIS = YES;
				CLANG_WARN_STRICT_PROTOTYPES = YES;
				CLANG_WARN_SUSPICIOUS_MOVE = YES;
				CLANG_WARN_UNGUARDED_AVAILABILITY = YES_AGGRESSIVE;
				CLANG_WARN_UNREACHABLE_CODE = YES;
				CLANG_WARN__DUPLICATE_METHOD_MATCH = YES;
				COPY_PHASE_STRIP = NO;
				DEBUG_INFORMATION_FORMAT = dwarf;
				ENABLE_STRICT_OBJC_MSGSEND = YES;
				ENABLE_TESTABILITY = YES;
				GCC_C_LANGUAGE_STANDARD = gnu11;
				GCC_DYNAMIC_NO_PIC = NO;
				GCC_NO_COMMON_BLOCKS = YES;
				GCC_OPTIMIZATION_LEVEL = 0;
				GCC_PREPROCESSOR_DEFINITIONS = (
					"DEBUG=1",
					"$(inherited)",
				);
				GCC_WARN_64_TO_32_BIT_CONVERSION = YES;
				GCC_WARN_ABOUT_RETURN_TYPE = YES_ERROR;
				GCC_WARN_UNDECLARED_SELECTOR = YES;
				GCC_WARN_UNINITIALIZED_AUTOS = YES_AGGRESSIVE;
				GCC_WARN_UNUSED_FUNCTION = YES;
				GCC_WARN_UNUSED_VARIABLE = YES;
				IPHONEOS_DEPLOYMENT_TARGET = 15.2;
				MTL_ENABLE_DEBUG_INFO = INCLUDE_SOURCE;
				MTL_FAST_MATH = YES;
				ONLY_ACTIVE_ARCH = YES;
				SDKROOT = iphoneos;
				SWIFT_ACTIVE_COMPILATION_CONDITIONS = DEBUG;
				SWIFT_OPTIMIZATION_LEVEL = "-Onone";
			};
			name = Debug;
		};
		BE1E2109278CB67F00C7136A /* Release */ = {
			isa = XCBuildConfiguration;
			buildSettings = {
				ALWAYS_SEARCH_USER_PATHS = NO;
				CLANG_ANALYZER_NONNULL = YES;
				CLANG_ANALYZER_NUMBER_OBJECT_CONVERSION = YES_AGGRESSIVE;
				CLANG_CXX_LANGUAGE_STANDARD = "gnu++17";
				CLANG_CXX_LIBRARY = "libc++";
				CLANG_ENABLE_MODULES = YES;
				CLANG_ENABLE_OBJC_ARC = YES;
				CLANG_ENABLE_OBJC_WEAK = YES;
				CLANG_WARN_BLOCK_CAPTURE_AUTORELEASING = YES;
				CLANG_WARN_BOOL_CONVERSION = YES;
				CLANG_WARN_COMMA = YES;
				CLANG_WARN_CONSTANT_CONVERSION = YES;
				CLANG_WARN_DEPRECATED_OBJC_IMPLEMENTATIONS = YES;
				CLANG_WARN_DIRECT_OBJC_ISA_USAGE = YES_ERROR;
				CLANG_WARN_DOCUMENTATION_COMMENTS = YES;
				CLANG_WARN_EMPTY_BODY = YES;
				CLANG_WARN_ENUM_CONVERSION = YES;
				CLANG_WARN_INFINITE_RECURSION = YES;
				CLANG_WARN_INT_CONVERSION = YES;
				CLANG_WARN_NON_LITERAL_NULL_CONVERSION = YES;
				CLANG_WARN_OBJC_IMPLICIT_RETAIN_SELF = YES;
				CLANG_WARN_OBJC_LITERAL_CONVERSION = YES;
				CLANG_WARN_OBJC_ROOT_CLASS = YES_ERROR;
				CLANG_WARN_QUOTED_INCLUDE_IN_FRAMEWORK_HEADER = YES;
				CLANG_WARN_RANGE_LOOP_ANALYSIS = YES;
				CLANG_WARN_STRICT_PROTOTYPES = YES;
				CLANG_WARN_SUSPICIOUS_MOVE = YES;
				CLANG_WARN_UNGUARDED_AVAILABILITY = YES_AGGRESSIVE;
				CLANG_WARN_UNREACHABLE_CODE = YES;
				CLANG_WARN__DUPLICATE_METHOD_MATCH = YES;
				COPY_PHASE_STRIP = NO;
				DEBUG_INFORMATION_FORMAT = "dwarf-with-dsym";
				ENABLE_NS_ASSERTIONS = NO;
				ENABLE_STRICT_OBJC_MSGSEND = YES;
				GCC_C_LANGUAGE_STANDARD = gnu11;
				GCC_NO_COMMON_BLOCKS = YES;
				GCC_WARN_64_TO_32_BIT_CONVERSION = YES;
				GCC_WARN_ABOUT_RETURN_TYPE = YES_ERROR;
				GCC_WARN_UNDECLARED_SELECTOR = YES;
				GCC_WARN_UNINITIALIZED_AUTOS = YES_AGGRESSIVE;
				GCC_WARN_UNUSED_FUNCTION = YES;
				GCC_WARN_UNUSED_VARIABLE = YES;
				IPHONEOS_DEPLOYMENT_TARGET = 15.2;
				MTL_ENABLE_DEBUG_INFO = NO;
				MTL_FAST_MATH = YES;
				SDKROOT = iphoneos;
				SWIFT_COMPILATION_MODE = wholemodule;
				SWIFT_OPTIMIZATION_LEVEL = "-O";
				VALIDATE_PRODUCT = YES;
			};
			name = Release;
		};
		BE1E210B278CB67F00C7136A /* Debug */ = {
			isa = XCBuildConfiguration;
			baseConfigurationReference = 9B2ECCFFD2B07A7EFCC4A0F8 /* Pods-NewsRx.debug.xcconfig */;
			buildSettings = {
				ASSETCATALOG_COMPILER_APPICON_NAME = AppIcon;
				ASSETCATALOG_COMPILER_GLOBAL_ACCENT_COLOR_NAME = AccentColor;
				CODE_SIGN_STYLE = Automatic;
				CURRENT_PROJECT_VERSION = 1;
				DEVELOPMENT_TEAM = U8QW34F5ZR;
				GENERATE_INFOPLIST_FILE = YES;
				INFOPLIST_FILE = NewsRx/Info.plist;
				INFOPLIST_KEY_UIApplicationSupportsIndirectInputEvents = YES;
				INFOPLIST_KEY_UILaunchStoryboardName = LaunchScreen;
				INFOPLIST_KEY_UISupportedInterfaceOrientations_iPad = "UIInterfaceOrientationPortrait UIInterfaceOrientationPortraitUpsideDown UIInterfaceOrientationLandscapeLeft UIInterfaceOrientationLandscapeRight";
				INFOPLIST_KEY_UISupportedInterfaceOrientations_iPhone = "UIInterfaceOrientationPortrait UIInterfaceOrientationLandscapeLeft UIInterfaceOrientationLandscapeRight";
				LD_RUNPATH_SEARCH_PATHS = (
					"$(inherited)",
					"@executable_path/Frameworks",
				);
				MARKETING_VERSION = 1.0;
				PRODUCT_BUNDLE_IDENTIFIER = com.sepehrafla.NewsRx;
				PRODUCT_NAME = "$(TARGET_NAME)";
				SWIFT_EMIT_LOC_STRINGS = YES;
				SWIFT_VERSION = 5.0;
				TARGETED_DEVICE_FAMILY = "1,2";
			};
			name = Debug;
		};
		BE1E210C278CB67F00C7136A /* Release */ = {
			isa = XCBuildConfiguration;
			baseConfigurationReference = FF194CBF2D1FE626B755E104 /* Pods-NewsRx.release.xcconfig */;
			buildSettings = {
				ASSETCATALOG_COMPILER_APPICON_NAME = AppIcon;
				ASSETCATALOG_COMPILER_GLOBAL_ACCENT_COLOR_NAME = AccentColor;
				CODE_SIGN_STYLE = Automatic;
				CURRENT_PROJECT_VERSION = 1;
				DEVELOPMENT_TEAM = U8QW34F5ZR;
				GENERATE_INFOPLIST_FILE = YES;
				INFOPLIST_FILE = NewsRx/Info.plist;
				INFOPLIST_KEY_UIApplicationSupportsIndirectInputEvents = YES;
				INFOPLIST_KEY_UILaunchStoryboardName = LaunchScreen;
				INFOPLIST_KEY_UISupportedInterfaceOrientations_iPad = "UIInterfaceOrientationPortrait UIInterfaceOrientationPortraitUpsideDown UIInterfaceOrientationLandscapeLeft UIInterfaceOrientationLandscapeRight";
				INFOPLIST_KEY_UISupportedInterfaceOrientations_iPhone = "UIInterfaceOrientationPortrait UIInterfaceOrientationLandscapeLeft UIInterfaceOrientationLandscapeRight";
				LD_RUNPATH_SEARCH_PATHS = (
					"$(inherited)",
					"@executable_path/Frameworks",
				);
				MARKETING_VERSION = 1.0;
				PRODUCT_BUNDLE_IDENTIFIER = com.sepehrafla.NewsRx;
				PRODUCT_NAME = "$(TARGET_NAME)";
				SWIFT_EMIT_LOC_STRINGS = YES;
				SWIFT_VERSION = 5.0;
				TARGETED_DEVICE_FAMILY = "1,2";
			};
			name = Release;
		};
		DDCFFBAF279A4AD3001A170B /* Debug */ = {
			isa = XCBuildConfiguration;
			buildSettings = {
				BUNDLE_LOADER = "$(TEST_HOST)";
				CODE_SIGN_STYLE = Automatic;
				CURRENT_PROJECT_VERSION = 1;
				DEVELOPMENT_TEAM = MZ2GHV2779;
				GENERATE_INFOPLIST_FILE = YES;
				MARKETING_VERSION = 1.0;
				PRODUCT_BUNDLE_IDENTIFIER = com.sepehrafla.NewsRxTests;
				PRODUCT_NAME = "$(TARGET_NAME)";
				SWIFT_EMIT_LOC_STRINGS = NO;
				SWIFT_VERSION = 5.0;
				TARGETED_DEVICE_FAMILY = "1,2";
				TEST_HOST = "$(BUILT_PRODUCTS_DIR)/NewsRx.app/NewsRx";
			};
			name = Debug;
		};
		DDCFFBB0279A4AD3001A170B /* Release */ = {
			isa = XCBuildConfiguration;
			buildSettings = {
				BUNDLE_LOADER = "$(TEST_HOST)";
				CODE_SIGN_STYLE = Automatic;
				CURRENT_PROJECT_VERSION = 1;
				DEVELOPMENT_TEAM = MZ2GHV2779;
				GENERATE_INFOPLIST_FILE = YES;
				MARKETING_VERSION = 1.0;
				PRODUCT_BUNDLE_IDENTIFIER = com.sepehrafla.NewsRxTests;
				PRODUCT_NAME = "$(TARGET_NAME)";
				SWIFT_EMIT_LOC_STRINGS = NO;
				SWIFT_VERSION = 5.0;
				TARGETED_DEVICE_FAMILY = "1,2";
				TEST_HOST = "$(BUILT_PRODUCTS_DIR)/NewsRx.app/NewsRx";
			};
			name = Release;
		};
/* End XCBuildConfiguration section */

/* Begin XCConfigurationList section */
		BE1E20F1278CB67500C7136A /* Build configuration list for PBXProject "NewsRx" */ = {
			isa = XCConfigurationList;
			buildConfigurations = (
				BE1E2108278CB67F00C7136A /* Debug */,
				BE1E2109278CB67F00C7136A /* Release */,
			);
			defaultConfigurationIsVisible = 0;
			defaultConfigurationName = Release;
		};
		BE1E210A278CB67F00C7136A /* Build configuration list for PBXNativeTarget "NewsRx" */ = {
			isa = XCConfigurationList;
			buildConfigurations = (
				BE1E210B278CB67F00C7136A /* Debug */,
				BE1E210C278CB67F00C7136A /* Release */,
			);
			defaultConfigurationIsVisible = 0;
			defaultConfigurationName = Release;
		};
		DDCFFBB1279A4AD3001A170B /* Build configuration list for PBXNativeTarget "NewsRxTests" */ = {
			isa = XCConfigurationList;
			buildConfigurations = (
				DDCFFBAF279A4AD3001A170B /* Debug */,
				DDCFFBB0279A4AD3001A170B /* Release */,
			);
			defaultConfigurationIsVisible = 0;
			defaultConfigurationName = Release;
		};
/* End XCConfigurationList section */
	};
	rootObject = BE1E20EE278CB67500C7136A /* Project object */;
}
